
Microsoft Visual Studio Solution File, Format Version 12.00
# Visual Studio Version 17
VisualStudioVersion = 17.13.35919.96 d17.13
MinimumVisualStudioVersion = 10.0.40219.1
Project("{FAE04EC0-301F-11D3-BF4B-00C04F79EFBC}") = "RoboTupiniquim.ConsoleApp", "RoboTupiniquim.ConsoleApp\RoboTupiniquim.ConsoleApp.csproj", "{A9AB5DD3-27E1-4E38-AA05-D01D5B84CED5}"
EndProject
Global
	GlobalSection(SolutionConfigurationPlatforms) = preSolution
		Debug|Any CPU = Debug|Any CPU
		Release|Any CPU = Release|Any CPU
	EndGlobalSection
	GlobalSection(ProjectConfigurationPlatforms) = postSolution
		{A9AB5DD3-27E1-4E38-AA05-D01D5B84CED5}.Debug|Any CPU.ActiveCfg = Debug|Any CPU
		{A9AB5DD3-27E1-4E38-AA05-D01D5B84CED5}.Debug|Any CPU.Build.0 = Debug|Any CPU
		{A9AB5DD3-27E1-4E38-AA05-D01D5B84CED5}.Release|Any CPU.ActiveCfg = Release|Any CPU
		{A9AB5DD3-27E1-4E38-AA05-D01D5B84CED5}.Release|Any CPU.Build.0 = Release|Any CPU
	EndGlobalSection
	GlobalSection(SolutionProperties) = preSolution
		HideSolutionNode = FALSE
	EndGlobalSection
	GlobalSection(ExtensibilityGlobals) = postSolution
		SolutionGuid = {7D1B573A-2D77-4BA1-9E7A-534F43C15F3D}
	EndGlobalSection
EndGlobal
